
Microsoft Visual Studio Solution File, Format Version 11.00
# Visual Studio 2010
Project("{FAE04EC0-301F-11D3-BF4B-00C04F79EFBC}") = "State of Mind - Week 9 Prototype", "Assembly-CSharp-firstpass.csproj", "{F7824BAC-F65E-48A0-B6FE-055B4341F620}"
EndProject
Project("{FAE04EC0-301F-11D3-BF4B-00C04F79EFBC}") = "State of Mind - Week 9 Prototype", "Assembly-CSharp.csproj", "{1A58079B-B3E9-963E-EDE1-4E9C3C9A2EB0}"
EndProject
Project("{FAE04EC0-301F-11D3-BF4B-00C04F79EFBC}") = "State of Mind - Week 9 Prototype", "Assembly-CSharp-Editor-firstpass.csproj", "{D3CB832A-2040-036C-7196-4FD445C7C77F}"
EndProject
Project("{FAE04EC0-301F-11D3-BF4B-00C04F79EFBC}") = "State of Mind - Week 9 Prototype", "Assembly-CSharp-Editor.csproj", "{E3DF85F6-8F03-B392-A891-4A34EAD3D797}"
EndProject
Global
	GlobalSection(SolutionConfigurationPlatforms) = preSolution
		Debug|Any CPU = Debug|Any CPU
		Release|Any CPU = Release|Any CPU
	EndGlobalSection
	GlobalSection(ProjectConfigurationPlatforms) = postSolution
		{F7824BAC-F65E-48A0-B6FE-055B4341F620}.Debug|Any CPU.ActiveCfg = Debug|Any CPU
		{F7824BAC-F65E-48A0-B6FE-055B4341F620}.Debug|Any CPU.Build.0 = Debug|Any CPU
		{F7824BAC-F65E-48A0-B6FE-055B4341F620}.Release|Any CPU.ActiveCfg = Release|Any CPU
		{F7824BAC-F65E-48A0-B6FE-055B4341F620}.Release|Any CPU.Build.0 = Release|Any CPU
		{1A58079B-B3E9-963E-EDE1-4E9C3C9A2EB0}.Debug|Any CPU.ActiveCfg = Debug|Any CPU
		{1A58079B-B3E9-963E-EDE1-4E9C3C9A2EB0}.Debug|Any CPU.Build.0 = Debug|Any CPU
		{1A58079B-B3E9-963E-EDE1-4E9C3C9A2EB0}.Release|Any CPU.ActiveCfg = Release|Any CPU
		{1A58079B-B3E9-963E-EDE1-4E9C3C9A2EB0}.Release|Any CPU.Build.0 = Release|Any CPU
		{D3CB832A-2040-036C-7196-4FD445C7C77F}.Debug|Any CPU.ActiveCfg = Debug|Any CPU
		{D3CB832A-2040-036C-7196-4FD445C7C77F}.Debug|Any CPU.Build.0 = Debug|Any CPU
		{D3CB832A-2040-036C-7196-4FD445C7C77F}.Release|Any CPU.ActiveCfg = Release|Any CPU
		{D3CB832A-2040-036C-7196-4FD445C7C77F}.Release|Any CPU.Build.0 = Release|Any CPU
		{E3DF85F6-8F03-B392-A891-4A34EAD3D797}.Debug|Any CPU.ActiveCfg = Debug|Any CPU
		{E3DF85F6-8F03-B392-A891-4A34EAD3D797}.Debug|Any CPU.Build.0 = Debug|Any CPU
		{E3DF85F6-8F03-B392-A891-4A34EAD3D797}.Release|Any CPU.ActiveCfg = Release|Any CPU
		{E3DF85F6-8F03-B392-A891-4A34EAD3D797}.Release|Any CPU.Build.0 = Release|Any CPU
	EndGlobalSection
	GlobalSection(SolutionProperties) = preSolution
		HideSolutionNode = FALSE
	EndGlobalSection
	GlobalSection(MonoDevelopProperties) = preSolution
		StartupItem = Assembly-CSharp.csproj
	EndGlobalSection
EndGlobal
